# This file is automatically @generated by Cargo.
# It is not intended for manual editing.
version = 3

[[package]]
name = "astar"
version = "0.1.0"
dependencies = [
 "refpool",
]

[[package]]
name = "refpool"
version = "0.4.3"
source = "registry+https://github.com/rust-lang/crates.io-index"
checksum = "369e86b80fa7dc8c561dd9613a5bf25c59d2d3073cd66c47fd9e39802f0ecb58"
